// !$*UTF8*$!
{
	archiveVersion = 1;
	classes = {
	};
	objectVersion = 50;
	objects = {

/* Begin PBXBuildFile section */
		71453FFF242E9593009185B6 /* AppDelegate.swift in Sources */ = {isa = PBXBuildFile; fileRef = 71453FFE242E9593009185B6 /* AppDelegate.swift */; };
		71454001242E9593009185B6 /* SceneDelegate.swift in Sources */ = {isa = PBXBuildFile; fileRef = 71454000242E9593009185B6 /* SceneDelegate.swift */; };
		71454003242E9593009185B6 /* ViewController.swift in Sources */ = {isa = PBXBuildFile; fileRef = 71454002242E9593009185B6 /* ViewController.swift */; };
		71454006242E9593009185B6 /* Main.storyboard in Resources */ = {isa = PBXBuildFile; fileRef = 71454004242E9593009185B6 /* Main.storyboard */; };
		71454008242E9598009185B6 /* Assets.xcassets in Resources */ = {isa = PBXBuildFile; fileRef = 71454007242E9598009185B6 /* Assets.xcassets */; };
		7145400B242E9598009185B6 /* LaunchScreen.storyboard in Resources */ = {isa = PBXBuildFile; fileRef = 71454009242E9598009185B6 /* LaunchScreen.storyboard */; };
		71454015242F3ACB009185B6 /* CreditosViewController.swift in Sources */ = {isa = PBXBuildFile; fileRef = 71454014242F3ACB009185B6 /* CreditosViewController.swift */; };
		71454017242FDC75009185B6 /* comoJogarViewController.swift in Sources */ = {isa = PBXBuildFile; fileRef = 71454016242FDC75009185B6 /* comoJogarViewController.swift */; };
		718554C9243B554C00AECBD1 /* JogadoresViewController.swift in Sources */ = {isa = PBXBuildFile; fileRef = 718554C8243B554C00AECBD1 /* JogadoresViewController.swift */; };
		718554CD243B66F100AECBD1 /* TableViewCell.swift in Sources */ = {isa = PBXBuildFile; fileRef = 718554CC243B66F100AECBD1 /* TableViewCell.swift */; };
		718554CF243BEDE300AECBD1 /* ConfirmaIDViewController.swift in Sources */ = {isa = PBXBuildFile; fileRef = 718554CE243BEDE300AECBD1 /* ConfirmaIDViewController.swift */; };
		718554D1243CA72B00AECBD1 /* PerguntasViewController.swift in Sources */ = {isa = PBXBuildFile; fileRef = 718554D0243CA72B00AECBD1 /* PerguntasViewController.swift */; };
		718554D3243CA83600AECBD1 /* PerguntasTableViewCell.swift in Sources */ = {isa = PBXBuildFile; fileRef = 718554D2243CA83600AECBD1 /* PerguntasTableViewCell.swift */; };
/* End PBXBuildFile section */

/* Begin PBXFileReference section */
		71453FFB242E9592009185B6 /* tinderBrabo.app */ = {isa = PBXFileReference; explicitFileType = wrapper.application; includeInIndex = 0; path = tinderBrabo.app; sourceTree = BUILT_PRODUCTS_DIR; };
		71453FFE242E9593009185B6 /* AppDelegate.swift */ = {isa = PBXFileReference; lastKnownFileType = sourcecode.swift; path = AppDelegate.swift; sourceTree = "<group>"; };
		71454000242E9593009185B6 /* SceneDelegate.swift */ = {isa = PBXFileReference; lastKnownFileType = sourcecode.swift; path = SceneDelegate.swift; sourceTree = "<group>"; };
		71454002242E9593009185B6 /* ViewController.swift */ = {isa = PBXFileReference; lastKnownFileType = sourcecode.swift; path = ViewController.swift; sourceTree = "<group>"; };
		71454005242E9593009185B6 /* Base */ = {isa = PBXFileReference; lastKnownFileType = file.storyboard; name = Base; path = Base.lproj/Main.storyboard; sourceTree = "<group>"; };
		71454007242E9598009185B6 /* Assets.xcassets */ = {isa = PBXFileReference; lastKnownFileType = folder.assetcatalog; path = Assets.xcassets; sourceTree = "<group>"; };
		7145400A242E9598009185B6 /* Base */ = {isa = PBXFileReference; lastKnownFileType = file.storyboard; name = Base; path = Base.lproj/LaunchScreen.storyboard; sourceTree = "<group>"; };
		7145400C242E9598009185B6 /* Info.plist */ = {isa = PBXFileReference; lastKnownFileType = text.plist.xml; path = Info.plist; sourceTree = "<group>"; };
		71454014242F3ACB009185B6 /* CreditosViewController.swift */ = {isa = PBXFileReference; lastKnownFileType = sourcecode.swift; path = CreditosViewController.swift; sourceTree = "<group>"; };
		71454016242FDC75009185B6 /* comoJogarViewController.swift */ = {isa = PBXFileReference; lastKnownFileType = sourcecode.swift; path = comoJogarViewController.swift; sourceTree = "<group>"; };
		718554C8243B554C00AECBD1 /* JogadoresViewController.swift */ = {isa = PBXFileReference; lastKnownFileType = sourcecode.swift; path = JogadoresViewController.swift; sourceTree = "<group>"; };
		718554CC243B66F100AECBD1 /* TableViewCell.swift */ = {isa = PBXFileReference; lastKnownFileType = sourcecode.swift; path = TableViewCell.swift; sourceTree = "<group>"; };
		718554CE243BEDE300AECBD1 /* ConfirmaIDViewController.swift */ = {isa = PBXFileReference; lastKnownFileType = sourcecode.swift; path = ConfirmaIDViewController.swift; sourceTree = "<group>"; };
		718554D0243CA72B00AECBD1 /* PerguntasViewController.swift */ = {isa = PBXFileReference; lastKnownFileType = sourcecode.swift; path = PerguntasViewController.swift; sourceTree = "<group>"; };
		718554D2243CA83600AECBD1 /* PerguntasTableViewCell.swift */ = {isa = PBXFileReference; lastKnownFileType = sourcecode.swift; path = PerguntasTableViewCell.swift; sourceTree = "<group>"; };
/* End PBXFileReference section */

/* Begin PBXFrameworksBuildPhase section */
		71453FF8242E9592009185B6 /* Frameworks */ = {
			isa = PBXFrameworksBuildPhase;
			buildActionMask = 2147483647;
			files = (
			);
			runOnlyForDeploymentPostprocessing = 0;
		};
/* End PBXFrameworksBuildPhase section */

/* Begin PBXGroup section */
		71453FF2242E9592009185B6 = {
			isa = PBXGroup;
			children = (
				71453FFD242E9592009185B6 /* tinderBrabo */,
				71453FFC242E9592009185B6 /* Products */,
			);
			sourceTree = "<group>";
		};
		71453FFC242E9592009185B6 /* Products */ = {
			isa = PBXGroup;
			children = (
				71453FFB242E9592009185B6 /* tinderBrabo.app */,
			);
			name = Products;
			sourceTree = "<group>";
		};
		71453FFD242E9592009185B6 /* tinderBrabo */ = {
			isa = PBXGroup;
			children = (
				71453FFE242E9593009185B6 /* AppDelegate.swift */,
				71454016242FDC75009185B6 /* comoJogarViewController.swift */,
				718554CE243BEDE300AECBD1 /* ConfirmaIDViewController.swift */,
				71454014242F3ACB009185B6 /* CreditosViewController.swift */,
				718554C8243B554C00AECBD1 /* JogadoresViewController.swift */,
				718554D2243CA83600AECBD1 /* PerguntasTableViewCell.swift */,
				718554D0243CA72B00AECBD1 /* PerguntasViewController.swift */,
				71454000242E9593009185B6 /* SceneDelegate.swift */,
				718554CC243B66F100AECBD1 /* TableViewCell.swift */,
				71454002242E9593009185B6 /* ViewController.swift */,
				71454004242E9593009185B6 /* Main.storyboard */,
				71454009242E9598009185B6 /* LaunchScreen.storyboard */,
				71454007242E9598009185B6 /* Assets.xcassets */,
				7145400C242E9598009185B6 /* Info.plist */,
			);
			path = tinderBrabo;
			sourceTree = "<group>";
		};
/* End PBXGroup section */

/* Begin PBXNativeTarget section */
		71453FFA242E9592009185B6 /* tinderBrabo */ = {
			isa = PBXNativeTarget;
			buildConfigurationList = 7145400F242E9598009185B6 /* Build configuration list for PBXNativeTarget "tinderBrabo" */;
			buildPhases = (
				71453FF7242E9592009185B6 /* Sources */,
				71453FF8242E9592009185B6 /* Frameworks */,
				71453FF9242E9592009185B6 /* Resources */,
			);
			buildRules = (
			);
			dependencies = (
			);
			name = tinderBrabo;
			productName = tinderBrabo;
			productReference = 71453FFB242E9592009185B6 /* tinderBrabo.app */;
			productType = "com.apple.product-type.application";
		};
/* End PBXNativeTarget section */

/* Begin PBXProject section */
		71453FF3242E9592009185B6 /* Project object */ = {
			isa = PBXProject;
			attributes = {
				LastSwiftUpdateCheck = 1130;
				LastUpgradeCheck = 1130;
				ORGANIZATIONNAME = "Jefferson José da Silva";
				TargetAttributes = {
					71453FFA242E9592009185B6 = {
						CreatedOnToolsVersion = 11.3.1;
					};
				};
			};
			buildConfigurationList = 71453FF6242E9592009185B6 /* Build configuration list for PBXProject "tinderBrabo" */;
			compatibilityVersion = "Xcode 9.3";
			developmentRegion = en;
			hasScannedForEncodings = 0;
			knownRegions = (
				en,
				Base,
			);
			mainGroup = 71453FF2242E9592009185B6;
			productRefGroup = 71453FFC242E9592009185B6 /* Products */;
			projectDirPath = "";
			projectRoot = "";
			targets = (
				71453FFA242E9592009185B6 /* tinderBrabo */,
			);
		};
/* End PBXProject section */

/* Begin PBXResourcesBuildPhase section */
		71453FF9242E9592009185B6 /* Resources */ = {
			isa = PBXResourcesBuildPhase;
			buildActionMask = 2147483647;
			files = (
				7145400B242E9598009185B6 /* LaunchScreen.storyboard in Resources */,
				71454008242E9598009185B6 /* Assets.xcassets in Resources */,
				71454006242E9593009185B6 /* Main.storyboard in Resources */,
			);
			runOnlyForDeploymentPostprocessing = 0;
		};
/* End PBXResourcesBuildPhase section */

/* Begin PBXSourcesBuildPhase section */
		71453FF7242E9592009185B6 /* Sources */ = {
			isa = PBXSourcesBuildPhase;
			buildActionMask = 2147483647;
			files = (
				718554C9243B554C00AECBD1 /* JogadoresViewController.swift in Sources */,
				71454003242E9593009185B6 /* ViewController.swift in Sources */,
				71453FFF242E9593009185B6 /* AppDelegate.swift in Sources */,
				718554D3243CA83600AECBD1 /* PerguntasTableViewCell.swift in Sources */,
				71454001242E9593009185B6 /* SceneDelegate.swift in Sources */,
				718554CF243BEDE300AECBD1 /* ConfirmaIDViewController.swift in Sources */,
				71454017242FDC75009185B6 /* comoJogarViewController.swift in Sources */,
				718554CD243B66F100AECBD1 /* TableViewCell.swift in Sources */,
				71454015242F3ACB009185B6 /* CreditosViewController.swift in Sources */,
				718554D1243CA72B00AECBD1 /* PerguntasViewController.swift in Sources */,
			);
			runOnlyForDeploymentPostprocessing = 0;
		};
/* End PBXSourcesBuildPhase section */

/* Begin PBXVariantGroup section */
		71454004242E9593009185B6 /* Main.storyboard */ = {
			isa = PBXVariantGroup;
			children = (
				71454005242E9593009185B6 /* Base */,
			);
			name = Main.storyboard;
			sourceTree = "<group>";
		};
		71454009242E9598009185B6 /* LaunchScreen.storyboard */ = {
			isa = PBXVariantGroup;
			children = (
				7145400A242E9598009185B6 /* Base */,
			);
			name = LaunchScreen.storyboard;
			sourceTree = "<group>";
		};
/* End PBXVariantGroup section */

/* Begin XCBuildConfiguration section */
		7145400D242E9598009185B6 /* Debug */ = {
			isa = XCBuildConfiguration;
			buildSettings = {
				ALWAYS_SEARCH_USER_PATHS = NO;
				CLANG_ANALYZER_NONNULL = YES;
				CLANG_ANALYZER_NUMBER_OBJECT_CONVERSION = YES_AGGRESSIVE;
				CLANG_CXX_LANGUAGE_STANDARD = "gnu++14";
				CLANG_CXX_LIBRARY = "libc++";
				CLANG_ENABLE_MODULES = YES;
				CLANG_ENABLE_OBJC_ARC = YES;
				CLANG_ENABLE_OBJC_WEAK = YES;
				CLANG_WARN_BLOCK_CAPTURE_AUTORELEASING = YES;
				CLANG_WARN_BOOL_CONVERSION = YES;
				CLANG_WARN_COMMA = YES;
				CLANG_WARN_CONSTANT_CONVERSION = YES;
				CLANG_WARN_DEPRECATED_OBJC_IMPLEMENTATIONS = YES;
				CLANG_WARN_DIRECT_OBJC_ISA_USAGE = YES_ERROR;
				CLANG_WARN_DOCUMENTATION_COMMENTS = YES;
				CLANG_WARN_EMPTY_BODY = YES;
				CLANG_WARN_ENUM_CONVERSION = YES;
				CLANG_WARN_INFINITE_RECURSION = YES;
				CLANG_WARN_INT_CONVERSION = YES;
				CLANG_WARN_NON_LITERAL_NULL_CONVERSION = YES;
				CLANG_WARN_OBJC_IMPLICIT_RETAIN_SELF = YES;
				CLANG_WARN_OBJC_LITERAL_CONVERSION = YES;
				CLANG_WARN_OBJC_ROOT_CLASS = YES_ERROR;
				CLANG_WARN_RANGE_LOOP_ANALYSIS = YES;
				CLANG_WARN_STRICT_PROTOTYPES = YES;
				CLANG_WARN_SUSPICIOUS_MOVE = YES;
				CLANG_WARN_UNGUARDED_AVAILABILITY = YES_AGGRESSIVE;
				CLANG_WARN_UNREACHABLE_CODE = YES;
				CLANG_WARN__DUPLICATE_METHOD_MATCH = YES;
				COPY_PHASE_STRIP = NO;
				DEBUG_INFORMATION_FORMAT = dwarf;
				ENABLE_STRICT_OBJC_MSGSEND = YES;
				ENABLE_TESTABILITY = YES;
				GCC_C_LANGUAGE_STANDARD = gnu11;
				GCC_DYNAMIC_NO_PIC = NO;
				GCC_NO_COMMON_BLOCKS = YES;
				GCC_OPTIMIZATION_LEVEL = 0;
				GCC_PREPROCESSOR_DEFINITIONS = (
					"DEBUG=1",
					"$(inherited)",
				);
				GCC_WARN_64_TO_32_BIT_CONVERSION = YES;
				GCC_WARN_ABOUT_RETURN_TYPE = YES_ERROR;
				GCC_WARN_UNDECLARED_SELECTOR = YES;
				GCC_WARN_UNINITIALIZED_AUTOS = YES_AGGRESSIVE;
				GCC_WARN_UNUSED_FUNCTION = YES;
				GCC_WARN_UNUSED_VARIABLE = YES;
				IPHONEOS_DEPLOYMENT_TARGET = 13.2;
				MTL_ENABLE_DEBUG_INFO = INCLUDE_SOURCE;
				MTL_FAST_MATH = YES;
				ONLY_ACTIVE_ARCH = YES;
				SDKROOT = iphoneos;
				SWIFT_ACTIVE_COMPILATION_CONDITIONS = DEBUG;
				SWIFT_OPTIMIZATION_LEVEL = "-Onone";
			};
			name = Debug;
		};
		7145400E242E9598009185B6 /* Release */ = {
			isa = XCBuildConfiguration;
			buildSettings = {
				ALWAYS_SEARCH_USER_PATHS = NO;
				CLANG_ANALYZER_NONNULL = YES;
				CLANG_ANALYZER_NUMBER_OBJECT_CONVERSION = YES_AGGRESSIVE;
				CLANG_CXX_LANGUAGE_STANDARD = "gnu++14";
				CLANG_CXX_LIBRARY = "libc++";
				CLANG_ENABLE_MODULES = YES;
				CLANG_ENABLE_OBJC_ARC = YES;
				CLANG_ENABLE_OBJC_WEAK = YES;
				CLANG_WARN_BLOCK_CAPTURE_AUTORELEASING = YES;
				CLANG_WARN_BOOL_CONVERSION = YES;
				CLANG_WARN_COMMA = YES;
				CLANG_WARN_CONSTANT_CONVERSION = YES;
				CLANG_WARN_DEPRECATED_OBJC_IMPLEMENTATIONS = YES;
				CLANG_WARN_DIRECT_OBJC_ISA_USAGE = YES_ERROR;
				CLANG_WARN_DOCUMENTATION_COMMENTS = YES;
				CLANG_WARN_EMPTY_BODY = YES;
				CLANG_WARN_ENUM_CONVERSION = YES;
				CLANG_WARN_INFINITE_RECURSION = YES;
				CLANG_WARN_INT_CONVERSION = YES;
				CLANG_WARN_NON_LITERAL_NULL_CONVERSION = YES;
				CLANG_WARN_OBJC_IMPLICIT_RETAIN_SELF = YES;
				CLANG_WARN_OBJC_LITERAL_CONVERSION = YES;
				CLANG_WARN_OBJC_ROOT_CLASS = YES_ERROR;
				CLANG_WARN_RANGE_LOOP_ANALYSIS = YES;
				CLANG_WARN_STRICT_PROTOTYPES = YES;
				CLANG_WARN_SUSPICIOUS_MOVE = YES;
				CLANG_WARN_UNGUARDED_AVAILABILITY = YES_AGGRESSIVE;
				CLANG_WARN_UNREACHABLE_CODE = YES;
				CLANG_WARN__DUPLICATE_METHOD_MATCH = YES;
				COPY_PHASE_STRIP = NO;
				DEBUG_INFORMATION_FORMAT = "dwarf-with-dsym";
				ENABLE_NS_ASSERTIONS = NO;
				ENABLE_STRICT_OBJC_MSGSEND = YES;
				GCC_C_LANGUAGE_STANDARD = gnu11;
				GCC_NO_COMMON_BLOCKS = YES;
				GCC_WARN_64_TO_32_BIT_CONVERSION = YES;
				GCC_WARN_ABOUT_RETURN_TYPE = YES_ERROR;
				GCC_WARN_UNDECLARED_SELECTOR = YES;
				GCC_WARN_UNINITIALIZED_AUTOS = YES_AGGRESSIVE;
				GCC_WARN_UNUSED_FUNCTION = YES;
				GCC_WARN_UNUSED_VARIABLE = YES;
				IPHONEOS_DEPLOYMENT_TARGET = 13.2;
				MTL_ENABLE_DEBUG_INFO = NO;
				MTL_FAST_MATH = YES;
				SDKROOT = iphoneos;
				SWIFT_COMPILATION_MODE = wholemodule;
				SWIFT_OPTIMIZATION_LEVEL = "-O";
				VALIDATE_PRODUCT = YES;
			};
			name = Release;
		};
		71454010242E9598009185B6 /* Debug */ = {
			isa = XCBuildConfiguration;
			buildSettings = {
				ASSETCATALOG_COMPILER_APPICON_NAME = AppIcon;
				CODE_SIGN_STYLE = Automatic;
				DEVELOPMENT_TEAM = LQN6GJ5JLX;
				INFOPLIST_FILE = tinderBrabo/Info.plist;
				LD_RUNPATH_SEARCH_PATHS = (
					"$(inherited)",
					"@executable_path/Frameworks",
				);
				PRODUCT_BUNDLE_IDENTIFIER = aaaa.tinderBrabo;
				PRODUCT_NAME = "$(TARGET_NAME)";
				SWIFT_VERSION = 5.0;
				TARGETED_DEVICE_FAMILY = "1,2";
			};
			name = Debug;
		};
		71454011242E9598009185B6 /* Release */ = {
			isa = XCBuildConfiguration;
			buildSettings = {
				ASSETCATALOG_COMPILER_APPICON_NAME = AppIcon;
				CODE_SIGN_STYLE = Automatic;
				DEVELOPMENT_TEAM = LQN6GJ5JLX;
				INFOPLIST_FILE = tinderBrabo/Info.plist;
				LD_RUNPATH_SEARCH_PATHS = (
					"$(inherited)",
					"@executable_path/Frameworks",
				);
				PRODUCT_BUNDLE_IDENTIFIER = aaaa.tinderBrabo;
				PRODUCT_NAME = "$(TARGET_NAME)";
				SWIFT_VERSION = 5.0;
				TARGETED_DEVICE_FAMILY = "1,2";
			};
			name = Release;
		};
/* End XCBuildConfiguration section */

/* Begin XCConfigurationList section */
		71453FF6242E9592009185B6 /* Build configuration list for PBXProject "tinderBrabo" */ = {
			isa = XCConfigurationList;
			buildConfigurations = (
				7145400D242E9598009185B6 /* Debug */,
				7145400E242E9598009185B6 /* Release */,
			);
			defaultConfigurationIsVisible = 0;
			defaultConfigurationName = Release;
		};
		7145400F242E9598009185B6 /* Build configuration list for PBXNativeTarget "tinderBrabo" */ = {
			isa = XCConfigurationList;
			buildConfigurations = (
				71454010242E9598009185B6 /* Debug */,
				71454011242E9598009185B6 /* Release */,
			);
			defaultConfigurationIsVisible = 0;
			defaultConfigurationName = Release;
		};
/* End XCConfigurationList section */
	};
	rootObject = 71453FF3242E9592009185B6 /* Project object */;
}
